
Microsoft Visual Studio Solution File, Format Version 12.00
# Visual Studio Version 17
VisualStudioVersion = 17.9.34728.123
MinimumVisualStudioVersion = 10.0.40219.1
Project("{FAE04EC0-301F-11D3-BF4B-00C04F79EFBC}") = "petAPIprogram", "petAPIprogram\petAPIprogram.csproj", "{B4172ED5-552B-4C52-B0A4-2A067B366039}"
EndProject
Global
	GlobalSection(SolutionConfigurationPlatforms) = preSolution
		Debug|Any CPU = Debug|Any CPU
		Release|Any CPU = Release|Any CPU
	EndGlobalSection
	GlobalSection(ProjectConfigurationPlatforms) = postSolution
		{B4172ED5-552B-4C52-B0A4-2A067B366039}.Debug|Any CPU.ActiveCfg = Debug|Any CPU
		{B4172ED5-552B-4C52-B0A4-2A067B366039}.Debug|Any CPU.Build.0 = Debug|Any CPU
		{B4172ED5-552B-4C52-B0A4-2A067B366039}.Release|Any CPU.ActiveCfg = Release|Any CPU
		{B4172ED5-552B-4C52-B0A4-2A067B366039}.Release|Any CPU.Build.0 = Release|Any CPU
	EndGlobalSection
	GlobalSection(SolutionProperties) = preSolution
		HideSolutionNode = FALSE
	EndGlobalSection
	GlobalSection(ExtensibilityGlobals) = postSolution
		SolutionGuid = {3CFC099D-E712-458C-9AB2-AD384DE6D770}
	EndGlobalSection
EndGlobal
